
Microsoft Visual Studio Solution File, Format Version 12.00
# Visual Studio Version 16
VisualStudioVersion = 16.0.33027.164
MinimumVisualStudioVersion = 10.0.40219.1
Project("{8BC9CEB8-8B4A-11D0-8D11-00A0C91BC942}") = "yocr_test", "yocr_test\yocr_test.vcxproj", "{0768034D-E114-4F1D-BB90-A503422053EA}"
EndProject
Global
	GlobalSection(SolutionConfigurationPlatforms) = preSolution
		Debug|x64 = Debug|x64
		Debug|x86 = Debug|x86
		Release|x64 = Release|x64
		Release|x86 = Release|x86
	EndGlobalSection
	GlobalSection(ProjectConfigurationPlatforms) = postSolution
		{0768034D-E114-4F1D-BB90-A503422053EA}.Debug|x64.ActiveCfg = Debug|x64
		{0768034D-E114-4F1D-BB90-A503422053EA}.Debug|x64.Build.0 = Debug|x64
		{0768034D-E114-4F1D-BB90-A503422053EA}.Debug|x86.ActiveCfg = Debug|Win32
		{0768034D-E114-4F1D-BB90-A503422053EA}.Debug|x86.Build.0 = Debug|Win32
		{0768034D-E114-4F1D-BB90-A503422053EA}.Release|x64.ActiveCfg = Release|x64
		{0768034D-E114-4F1D-BB90-A503422053EA}.Release|x64.Build.0 = Release|x64
		{0768034D-E114-4F1D-BB90-A503422053EA}.Release|x86.ActiveCfg = Release|Win32
		{0768034D-E114-4F1D-BB90-A503422053EA}.Release|x86.Build.0 = Release|Win32
	EndGlobalSection
	GlobalSection(SolutionProperties) = preSolution
		HideSolutionNode = FALSE
	EndGlobalSection
	GlobalSection(ExtensibilityGlobals) = postSolution
		SolutionGuid = {66901992-CC31-4FAA-A713-B4BB47BE0582}
	EndGlobalSection
EndGlobal
